// !$*UTF8*$!
{
	archiveVersion = 1;
	classes = {
	};
	objectVersion = 46;
	objects = {

/* Begin PBXBuildFile section */
		OBJ_100 /* Global.swift in Sources */ = {isa = PBXBuildFile; fileRef = OBJ_35 /* Global.swift */; };
		OBJ_101 /* GlobalContext.swift in Sources */ = {isa = PBXBuildFile; fileRef = OBJ_36 /* GlobalContext.swift */; };
		OBJ_102 /* Reporter.swift in Sources */ = {isa = PBXBuildFile; fileRef = OBJ_37 /* Reporter.swift */; };
		OBJ_103 /* Reporters.swift in Sources */ = {isa = PBXBuildFile; fileRef = OBJ_38 /* Reporters.swift */; };
		OBJ_110 /* PathKit.swift in Sources */ = {isa = PBXBuildFile; fileRef = OBJ_29 /* PathKit.swift */; };
		OBJ_112 /* Spectre.framework in Frameworks */ = {isa = PBXBuildFile; fileRef = OBJ_59 /* Spectre.framework */; };
		OBJ_119 /* Case.swift in Sources */ = {isa = PBXBuildFile; fileRef = OBJ_20 /* Case.swift */; };
		OBJ_120 /* Context.swift in Sources */ = {isa = PBXBuildFile; fileRef = OBJ_21 /* Context.swift */; };
		OBJ_121 /* Expectation.swift in Sources */ = {isa = PBXBuildFile; fileRef = OBJ_22 /* Expectation.swift */; };
		OBJ_122 /* Failure.swift in Sources */ = {isa = PBXBuildFile; fileRef = OBJ_23 /* Failure.swift */; };
		OBJ_123 /* Global.swift in Sources */ = {isa = PBXBuildFile; fileRef = OBJ_24 /* Global.swift */; };
		OBJ_124 /* GlobalContext.swift in Sources */ = {isa = PBXBuildFile; fileRef = OBJ_25 /* GlobalContext.swift */; };
		OBJ_125 /* Reporter.swift in Sources */ = {isa = PBXBuildFile; fileRef = OBJ_26 /* Reporter.swift */; };
		OBJ_126 /* Reporters.swift in Sources */ = {isa = PBXBuildFile; fileRef = OBJ_27 /* Reporters.swift */; };
		OBJ_133 /* main.swift in Sources */ = {isa = PBXBuildFile; fileRef = OBJ_9 /* main.swift */; };
		OBJ_135 /* CommandLineKit.framework in Frameworks */ = {isa = PBXBuildFile; fileRef = OBJ_57 /* CommandLineKit.framework */; };
		OBJ_136 /* Rainbow.framework in Frameworks */ = {isa = PBXBuildFile; fileRef = OBJ_58 /* Rainbow.framework */; };
		OBJ_137 /* Spectre.framework in Frameworks */ = {isa = PBXBuildFile; fileRef = OBJ_59 /* Spectre.framework */; };
		OBJ_138 /* PathKit.framework in Frameworks */ = {isa = PBXBuildFile; fileRef = OBJ_60 /* PathKit.framework */; };
		OBJ_139 /* Spectre.framework in Frameworks */ = {isa = PBXBuildFile; fileRef = OBJ_61 /* Spectre.framework */; };
		OBJ_140 /* TerminalCommandKit.framework in Frameworks */ = {isa = PBXBuildFile; fileRef = OBJ_63 /* TerminalCommandKit.framework */; };
		OBJ_152 /* Extensions.swift in Sources */ = {isa = PBXBuildFile; fileRef = OBJ_11 /* Extensions.swift */; };
		OBJ_153 /* StringSearchRule.swift in Sources */ = {isa = PBXBuildFile; fileRef = OBJ_12 /* StringSearchRule.swift */; };
		OBJ_154 /* TerminalCommandKit.swift in Sources */ = {isa = PBXBuildFile; fileRef = OBJ_13 /* TerminalCommandKit.swift */; };
		OBJ_156 /* CommandLineKit.framework in Frameworks */ = {isa = PBXBuildFile; fileRef = OBJ_57 /* CommandLineKit.framework */; };
		OBJ_157 /* Rainbow.framework in Frameworks */ = {isa = PBXBuildFile; fileRef = OBJ_58 /* Rainbow.framework */; };
		OBJ_158 /* Spectre.framework in Frameworks */ = {isa = PBXBuildFile; fileRef = OBJ_59 /* Spectre.framework */; };
		OBJ_159 /* PathKit.framework in Frameworks */ = {isa = PBXBuildFile; fileRef = OBJ_60 /* PathKit.framework */; };
		OBJ_160 /* Spectre.framework in Frameworks */ = {isa = PBXBuildFile; fileRef = OBJ_61 /* Spectre.framework */; };
		OBJ_171 /* TerminalComandKitTests.swift in Sources */ = {isa = PBXBuildFile; fileRef = OBJ_16 /* TerminalComandKitTests.swift */; };
		OBJ_172 /* TerminalCommandSpec.swift in Sources */ = {isa = PBXBuildFile; fileRef = OBJ_17 /* TerminalCommandSpec.swift */; };
		OBJ_174 /* CommandLineKit.framework in Frameworks */ = {isa = PBXBuildFile; fileRef = OBJ_57 /* CommandLineKit.framework */; };
		OBJ_175 /* Rainbow.framework in Frameworks */ = {isa = PBXBuildFile; fileRef = OBJ_58 /* Rainbow.framework */; };
		OBJ_176 /* Spectre.framework in Frameworks */ = {isa = PBXBuildFile; fileRef = OBJ_59 /* Spectre.framework */; };
		OBJ_177 /* PathKit.framework in Frameworks */ = {isa = PBXBuildFile; fileRef = OBJ_60 /* PathKit.framework */; };
		OBJ_178 /* Spectre.framework in Frameworks */ = {isa = PBXBuildFile; fileRef = OBJ_61 /* Spectre.framework */; };
		OBJ_179 /* TerminalCommandKit.framework in Frameworks */ = {isa = PBXBuildFile; fileRef = OBJ_63 /* TerminalCommandKit.framework */; };
		OBJ_70 /* CommandLine.swift in Sources */ = {isa = PBXBuildFile; fileRef = OBJ_53 /* CommandLine.swift */; };
		OBJ_71 /* Option.swift in Sources */ = {isa = PBXBuildFile; fileRef = OBJ_54 /* Option.swift */; };
		OBJ_72 /* StringExtensions.swift in Sources */ = {isa = PBXBuildFile; fileRef = OBJ_55 /* StringExtensions.swift */; };
		OBJ_79 /* BackgroundColor.swift in Sources */ = {isa = PBXBuildFile; fileRef = OBJ_40 /* BackgroundColor.swift */; };
		OBJ_80 /* CodesParser.swift in Sources */ = {isa = PBXBuildFile; fileRef = OBJ_41 /* CodesParser.swift */; };
		OBJ_81 /* Color.swift in Sources */ = {isa = PBXBuildFile; fileRef = OBJ_42 /* Color.swift */; };
		OBJ_82 /* ControlCode.swift in Sources */ = {isa = PBXBuildFile; fileRef = OBJ_43 /* ControlCode.swift */; };
		OBJ_83 /* ModesExtractor.swift in Sources */ = {isa = PBXBuildFile; fileRef = OBJ_44 /* ModesExtractor.swift */; };
		OBJ_84 /* OutputTarget.swift in Sources */ = {isa = PBXBuildFile; fileRef = OBJ_45 /* OutputTarget.swift */; };
		OBJ_85 /* Rainbow.swift in Sources */ = {isa = PBXBuildFile; fileRef = OBJ_46 /* Rainbow.swift */; };
		OBJ_86 /* String+Rainbow.swift in Sources */ = {isa = PBXBuildFile; fileRef = OBJ_47 /* String+Rainbow.swift */; };
		OBJ_87 /* StringGenerator.swift in Sources */ = {isa = PBXBuildFile; fileRef = OBJ_48 /* StringGenerator.swift */; };
		OBJ_88 /* Style.swift in Sources */ = {isa = PBXBuildFile; fileRef = OBJ_49 /* Style.swift */; };
		OBJ_89 /* XcodeColorsSupport.swift in Sources */ = {isa = PBXBuildFile; fileRef = OBJ_50 /* XcodeColorsSupport.swift */; };
		OBJ_96 /* Case.swift in Sources */ = {isa = PBXBuildFile; fileRef = OBJ_31 /* Case.swift */; };
		OBJ_97 /* Context.swift in Sources */ = {isa = PBXBuildFile; fileRef = OBJ_32 /* Context.swift */; };
		OBJ_98 /* Expectation.swift in Sources */ = {isa = PBXBuildFile; fileRef = OBJ_33 /* Expectation.swift */; };
		OBJ_99 /* Failure.swift in Sources */ = {isa = PBXBuildFile; fileRef = OBJ_34 /* Failure.swift */; };
/* End PBXBuildFile section */

/* Begin PBXContainerItemProxy section */
		C81DBFE21ECEF5F800FFDA29 /* PBXContainerItemProxy */ = {
			isa = PBXContainerItemProxy;
			containerPortal = OBJ_1 /* Project object */;
			proxyType = 1;
			remoteGlobalIDString = OBJ_91;
			remoteInfo = Spectre;
		};
		C81DBFE31ECEF5F800FFDA29 /* PBXContainerItemProxy */ = {
			isa = PBXContainerItemProxy;
			containerPortal = OBJ_1 /* Project object */;
			proxyType = 1;
			remoteGlobalIDString = OBJ_65;
			remoteInfo = CommandLineKit;
		};
		C81DBFE41ECEF5F800FFDA29 /* PBXContainerItemProxy */ = {
			isa = PBXContainerItemProxy;
			containerPortal = OBJ_1 /* Project object */;
			proxyType = 1;
			remoteGlobalIDString = OBJ_74;
			remoteInfo = Rainbow;
		};
		C81DBFE51ECEF5F800FFDA29 /* PBXContainerItemProxy */ = {
			isa = PBXContainerItemProxy;
			containerPortal = OBJ_1 /* Project object */;
			proxyType = 1;
			remoteGlobalIDString = OBJ_91;
			remoteInfo = Spectre;
		};
		C81DBFE61ECEF5F800FFDA29 /* PBXContainerItemProxy */ = {
			isa = PBXContainerItemProxy;
			containerPortal = OBJ_1 /* Project object */;
			proxyType = 1;
			remoteGlobalIDString = OBJ_105;
			remoteInfo = PathKit;
		};
		C81DBFE71ECEF5F800FFDA29 /* PBXContainerItemProxy */ = {
			isa = PBXContainerItemProxy;
			containerPortal = OBJ_1 /* Project object */;
			proxyType = 1;
			remoteGlobalIDString = OBJ_114;
			remoteInfo = Spectre;
		};
		C81DBFE81ECEF5F800FFDA29 /* PBXContainerItemProxy */ = {
			isa = PBXContainerItemProxy;
			containerPortal = OBJ_1 /* Project object */;
			proxyType = 1;
			remoteGlobalIDString = OBJ_147;
			remoteInfo = TerminalCommandKit;
		};
		C81DBFE91ECEF5F800FFDA29 /* PBXContainerItemProxy */ = {
			isa = PBXContainerItemProxy;
			containerPortal = OBJ_1 /* Project object */;
			proxyType = 1;
			remoteGlobalIDString = OBJ_65;
			remoteInfo = CommandLineKit;
		};
		C81DBFEA1ECEF5F800FFDA29 /* PBXContainerItemProxy */ = {
			isa = PBXContainerItemProxy;
			containerPortal = OBJ_1 /* Project object */;
			proxyType = 1;
			remoteGlobalIDString = OBJ_74;
			remoteInfo = Rainbow;
		};
		C81DBFEB1ECEF5F800FFDA29 /* PBXContainerItemProxy */ = {
			isa = PBXContainerItemProxy;
			containerPortal = OBJ_1 /* Project object */;
			proxyType = 1;
			remoteGlobalIDString = OBJ_91;
			remoteInfo = Spectre;
		};
		C81DBFEC1ECEF5F800FFDA29 /* PBXContainerItemProxy */ = {
			isa = PBXContainerItemProxy;
			containerPortal = OBJ_1 /* Project object */;
			proxyType = 1;
			remoteGlobalIDString = OBJ_105;
			remoteInfo = PathKit;
		};
		C81DBFED1ECEF5F800FFDA29 /* PBXContainerItemProxy */ = {
			isa = PBXContainerItemProxy;
			containerPortal = OBJ_1 /* Project object */;
			proxyType = 1;
			remoteGlobalIDString = OBJ_114;
			remoteInfo = Spectre;
		};
		C81DBFEE1ECEF5F800FFDA29 /* PBXContainerItemProxy */ = {
			isa = PBXContainerItemProxy;
			containerPortal = OBJ_1 /* Project object */;
			proxyType = 1;
			remoteGlobalIDString = OBJ_65;
			remoteInfo = CommandLineKit;
		};
		C81DBFEF1ECEF5F800FFDA29 /* PBXContainerItemProxy */ = {
			isa = PBXContainerItemProxy;
			containerPortal = OBJ_1 /* Project object */;
			proxyType = 1;
			remoteGlobalIDString = OBJ_74;
			remoteInfo = Rainbow;
		};
		C81DBFF01ECEF5F800FFDA29 /* PBXContainerItemProxy */ = {
			isa = PBXContainerItemProxy;
			containerPortal = OBJ_1 /* Project object */;
			proxyType = 1;
			remoteGlobalIDString = OBJ_91;
			remoteInfo = Spectre;
		};
		C81DBFF11ECEF5F800FFDA29 /* PBXContainerItemProxy */ = {
			isa = PBXContainerItemProxy;
			containerPortal = OBJ_1 /* Project object */;
			proxyType = 1;
			remoteGlobalIDString = OBJ_105;
			remoteInfo = PathKit;
		};
		C81DBFF21ECEF5F800FFDA29 /* PBXContainerItemProxy */ = {
			isa = PBXContainerItemProxy;
			containerPortal = OBJ_1 /* Project object */;
			proxyType = 1;
			remoteGlobalIDString = OBJ_114;
			remoteInfo = Spectre;
		};
		C81DBFF31ECEF5F800FFDA29 /* PBXContainerItemProxy */ = {
			isa = PBXContainerItemProxy;
			containerPortal = OBJ_1 /* Project object */;
			proxyType = 1;
			remoteGlobalIDString = OBJ_147;
			remoteInfo = TerminalCommandKit;
		};
/* End PBXContainerItemProxy section */

/* Begin PBXFileReference section */
		OBJ_11 /* Extensions.swift */ = {isa = PBXFileReference; lastKnownFileType = sourcecode.swift; path = Extensions.swift; sourceTree = "<group>"; };
		OBJ_12 /* StringSearchRule.swift */ = {isa = PBXFileReference; lastKnownFileType = sourcecode.swift; path = StringSearchRule.swift; sourceTree = "<group>"; };
		OBJ_13 /* TerminalCommandKit.swift */ = {isa = PBXFileReference; lastKnownFileType = sourcecode.swift; path = TerminalCommandKit.swift; sourceTree = "<group>"; };
		OBJ_16 /* TerminalComandKitTests.swift */ = {isa = PBXFileReference; lastKnownFileType = sourcecode.swift; path = TerminalComandKitTests.swift; sourceTree = "<group>"; };
		OBJ_17 /* TerminalCommandSpec.swift */ = {isa = PBXFileReference; lastKnownFileType = sourcecode.swift; path = TerminalCommandSpec.swift; sourceTree = "<group>"; };
		OBJ_20 /* Case.swift */ = {isa = PBXFileReference; lastKnownFileType = sourcecode.swift; path = Case.swift; sourceTree = "<group>"; };
		OBJ_21 /* Context.swift */ = {isa = PBXFileReference; lastKnownFileType = sourcecode.swift; path = Context.swift; sourceTree = "<group>"; };
		OBJ_22 /* Expectation.swift */ = {isa = PBXFileReference; lastKnownFileType = sourcecode.swift; path = Expectation.swift; sourceTree = "<group>"; };
		OBJ_23 /* Failure.swift */ = {isa = PBXFileReference; lastKnownFileType = sourcecode.swift; path = Failure.swift; sourceTree = "<group>"; };
		OBJ_24 /* Global.swift */ = {isa = PBXFileReference; lastKnownFileType = sourcecode.swift; path = Global.swift; sourceTree = "<group>"; };
		OBJ_25 /* GlobalContext.swift */ = {isa = PBXFileReference; lastKnownFileType = sourcecode.swift; path = GlobalContext.swift; sourceTree = "<group>"; };
		OBJ_26 /* Reporter.swift */ = {isa = PBXFileReference; lastKnownFileType = sourcecode.swift; path = Reporter.swift; sourceTree = "<group>"; };
		OBJ_27 /* Reporters.swift */ = {isa = PBXFileReference; lastKnownFileType = sourcecode.swift; path = Reporters.swift; sourceTree = "<group>"; };
		OBJ_29 /* PathKit.swift */ = {isa = PBXFileReference; lastKnownFileType = sourcecode.swift; path = PathKit.swift; sourceTree = "<group>"; };
		OBJ_31 /* Case.swift */ = {isa = PBXFileReference; lastKnownFileType = sourcecode.swift; path = Case.swift; sourceTree = "<group>"; };
		OBJ_32 /* Context.swift */ = {isa = PBXFileReference; lastKnownFileType = sourcecode.swift; path = Context.swift; sourceTree = "<group>"; };
		OBJ_33 /* Expectation.swift */ = {isa = PBXFileReference; lastKnownFileType = sourcecode.swift; path = Expectation.swift; sourceTree = "<group>"; };
		OBJ_34 /* Failure.swift */ = {isa = PBXFileReference; lastKnownFileType = sourcecode.swift; path = Failure.swift; sourceTree = "<group>"; };
		OBJ_35 /* Global.swift */ = {isa = PBXFileReference; lastKnownFileType = sourcecode.swift; path = Global.swift; sourceTree = "<group>"; };
		OBJ_36 /* GlobalContext.swift */ = {isa = PBXFileReference; lastKnownFileType = sourcecode.swift; path = GlobalContext.swift; sourceTree = "<group>"; };
		OBJ_37 /* Reporter.swift */ = {isa = PBXFileReference; lastKnownFileType = sourcecode.swift; path = Reporter.swift; sourceTree = "<group>"; };
		OBJ_38 /* Reporters.swift */ = {isa = PBXFileReference; lastKnownFileType = sourcecode.swift; path = Reporters.swift; sourceTree = "<group>"; };
		OBJ_40 /* BackgroundColor.swift */ = {isa = PBXFileReference; lastKnownFileType = sourcecode.swift; path = BackgroundColor.swift; sourceTree = "<group>"; };
		OBJ_41 /* CodesParser.swift */ = {isa = PBXFileReference; lastKnownFileType = sourcecode.swift; path = CodesParser.swift; sourceTree = "<group>"; };
		OBJ_42 /* Color.swift */ = {isa = PBXFileReference; lastKnownFileType = sourcecode.swift; path = Color.swift; sourceTree = "<group>"; };
		OBJ_43 /* ControlCode.swift */ = {isa = PBXFileReference; lastKnownFileType = sourcecode.swift; path = ControlCode.swift; sourceTree = "<group>"; };
		OBJ_44 /* ModesExtractor.swift */ = {isa = PBXFileReference; lastKnownFileType = sourcecode.swift; path = ModesExtractor.swift; sourceTree = "<group>"; };
		OBJ_45 /* OutputTarget.swift */ = {isa = PBXFileReference; lastKnownFileType = sourcecode.swift; path = OutputTarget.swift; sourceTree = "<group>"; };
		OBJ_46 /* Rainbow.swift */ = {isa = PBXFileReference; lastKnownFileType = sourcecode.swift; path = Rainbow.swift; sourceTree = "<group>"; };
		OBJ_47 /* String+Rainbow.swift */ = {isa = PBXFileReference; lastKnownFileType = sourcecode.swift; path = "String+Rainbow.swift"; sourceTree = "<group>"; };
		OBJ_48 /* StringGenerator.swift */ = {isa = PBXFileReference; lastKnownFileType = sourcecode.swift; path = StringGenerator.swift; sourceTree = "<group>"; };
		OBJ_49 /* Style.swift */ = {isa = PBXFileReference; lastKnownFileType = sourcecode.swift; path = Style.swift; sourceTree = "<group>"; };
		OBJ_50 /* XcodeColorsSupport.swift */ = {isa = PBXFileReference; lastKnownFileType = sourcecode.swift; path = XcodeColorsSupport.swift; sourceTree = "<group>"; };
		OBJ_53 /* CommandLine.swift */ = {isa = PBXFileReference; lastKnownFileType = sourcecode.swift; path = CommandLine.swift; sourceTree = "<group>"; };
		OBJ_54 /* Option.swift */ = {isa = PBXFileReference; lastKnownFileType = sourcecode.swift; path = Option.swift; sourceTree = "<group>"; };
		OBJ_55 /* StringExtensions.swift */ = {isa = PBXFileReference; lastKnownFileType = sourcecode.swift; path = StringExtensions.swift; sourceTree = "<group>"; };
		OBJ_57 /* CommandLineKit.framework */ = {isa = PBXFileReference; explicitFileType = wrapper.framework; path = CommandLineKit.framework; sourceTree = BUILT_PRODUCTS_DIR; };
		OBJ_58 /* Rainbow.framework */ = {isa = PBXFileReference; explicitFileType = wrapper.framework; path = Rainbow.framework; sourceTree = BUILT_PRODUCTS_DIR; };
		OBJ_59 /* Spectre.framework */ = {isa = PBXFileReference; explicitFileType = wrapper.framework; path = Spectre.framework; sourceTree = BUILT_PRODUCTS_DIR; };
		OBJ_6 /* Package.swift */ = {isa = PBXFileReference; explicitFileType = sourcecode.swift; path = Package.swift; sourceTree = "<group>"; };
		OBJ_60 /* PathKit.framework */ = {isa = PBXFileReference; explicitFileType = wrapper.framework; path = PathKit.framework; sourceTree = BUILT_PRODUCTS_DIR; };
		OBJ_61 /* Spectre.framework */ = {isa = PBXFileReference; explicitFileType = wrapper.framework; path = Spectre.framework; sourceTree = BUILT_PRODUCTS_DIR; };
		OBJ_62 /* TerminalCommand */ = {isa = PBXFileReference; lastKnownFileType = text; path = TerminalCommand; sourceTree = BUILT_PRODUCTS_DIR; };
		OBJ_63 /* TerminalCommandKit.framework */ = {isa = PBXFileReference; explicitFileType = wrapper.framework; path = TerminalCommandKit.framework; sourceTree = BUILT_PRODUCTS_DIR; };
		OBJ_64 /* TerminalCommandKitTests.xctest */ = {isa = PBXFileReference; lastKnownFileType = file; path = TerminalCommandKitTests.xctest; sourceTree = BUILT_PRODUCTS_DIR; };
		OBJ_9 /* main.swift */ = {isa = PBXFileReference; lastKnownFileType = sourcecode.swift; path = main.swift; sourceTree = "<group>"; };
/* End PBXFileReference section */

/* Begin PBXFrameworksBuildPhase section */
		OBJ_104 /* Frameworks */ = {
			isa = PBXFrameworksBuildPhase;
			buildActionMask = 0;
			files = (
			);
			runOnlyForDeploymentPostprocessing = 0;
		};
		OBJ_111 /* Frameworks */ = {
			isa = PBXFrameworksBuildPhase;
			buildActionMask = 0;
			files = (
				OBJ_112 /* Spectre.framework in Frameworks */,
			);
			runOnlyForDeploymentPostprocessing = 0;
		};
		OBJ_127 /* Frameworks */ = {
			isa = PBXFrameworksBuildPhase;
			buildActionMask = 0;
			files = (
			);
			runOnlyForDeploymentPostprocessing = 0;
		};
		OBJ_134 /* Frameworks */ = {
			isa = PBXFrameworksBuildPhase;
			buildActionMask = 0;
			files = (
				OBJ_135 /* CommandLineKit.framework in Frameworks */,
				OBJ_136 /* Rainbow.framework in Frameworks */,
				OBJ_137 /* Spectre.framework in Frameworks */,
				OBJ_138 /* PathKit.framework in Frameworks */,
				OBJ_139 /* Spectre.framework in Frameworks */,
				OBJ_140 /* TerminalCommandKit.framework in Frameworks */,
			);
			runOnlyForDeploymentPostprocessing = 0;
		};
		OBJ_155 /* Frameworks */ = {
			isa = PBXFrameworksBuildPhase;
			buildActionMask = 0;
			files = (
				OBJ_156 /* CommandLineKit.framework in Frameworks */,
				OBJ_157 /* Rainbow.framework in Frameworks */,
				OBJ_158 /* Spectre.framework in Frameworks */,
				OBJ_159 /* PathKit.framework in Frameworks */,
				OBJ_160 /* Spectre.framework in Frameworks */,
			);
			runOnlyForDeploymentPostprocessing = 0;
		};
		OBJ_173 /* Frameworks */ = {
			isa = PBXFrameworksBuildPhase;
			buildActionMask = 0;
			files = (
				OBJ_174 /* CommandLineKit.framework in Frameworks */,
				OBJ_175 /* Rainbow.framework in Frameworks */,
				OBJ_176 /* Spectre.framework in Frameworks */,
				OBJ_177 /* PathKit.framework in Frameworks */,
				OBJ_178 /* Spectre.framework in Frameworks */,
				OBJ_179 /* TerminalCommandKit.framework in Frameworks */,
			);
			runOnlyForDeploymentPostprocessing = 0;
		};
		OBJ_73 /* Frameworks */ = {
			isa = PBXFrameworksBuildPhase;
			buildActionMask = 0;
			files = (
			);
			runOnlyForDeploymentPostprocessing = 0;
		};
		OBJ_90 /* Frameworks */ = {
			isa = PBXFrameworksBuildPhase;
			buildActionMask = 0;
			files = (
			);
			runOnlyForDeploymentPostprocessing = 0;
		};
/* End PBXFrameworksBuildPhase section */

/* Begin PBXGroup section */
		OBJ_10 /* TerminalCommandKit */ = {
			isa = PBXGroup;
			children = (
				OBJ_13 /* TerminalCommandKit.swift */,
				OBJ_12 /* StringSearchRule.swift */,
				OBJ_11 /* Extensions.swift */,
			);
			name = TerminalCommandKit;
			path = Sources/TerminalCommandKit;
			sourceTree = SOURCE_ROOT;
		};
		OBJ_14 /* Tests */ = {
			isa = PBXGroup;
			children = (
				OBJ_15 /* TerminalCommandKitTests */,
			);
			name = Tests;
			sourceTree = SOURCE_ROOT;
		};
		OBJ_15 /* TerminalCommandKitTests */ = {
			isa = PBXGroup;
			children = (
				OBJ_16 /* TerminalComandKitTests.swift */,
				OBJ_17 /* TerminalCommandSpec.swift */,
			);
			name = TerminalCommandKitTests;
			path = Tests/TerminalCommandKitTests;
			sourceTree = SOURCE_ROOT;
		};
		OBJ_18 /* Dependencies */ = {
			isa = PBXGroup;
			children = (
				OBJ_19 /* Spectre 0.7.2 */,
				OBJ_28 /* PathKit 0.8.0 */,
				OBJ_30 /* Spectre 0.7.2 */,
				OBJ_39 /* Rainbow 2.0.1 */,
				OBJ_51 /* CommandLine 3.0.0-pre1 */,
			);
			name = Dependencies;
			sourceTree = "<group>";
		};
		OBJ_19 /* Spectre 0.7.2 */ = {
			isa = PBXGroup;
			children = (
				OBJ_20 /* Case.swift */,
				OBJ_21 /* Context.swift */,
				OBJ_22 /* Expectation.swift */,
				OBJ_23 /* Failure.swift */,
				OBJ_24 /* Global.swift */,
				OBJ_25 /* GlobalContext.swift */,
				OBJ_26 /* Reporter.swift */,
				OBJ_27 /* Reporters.swift */,
			);
			name = "Spectre 0.7.2";
			path = ".build/checkouts/Spectre--9185491864710013835/Sources";
			sourceTree = SOURCE_ROOT;
		};
		OBJ_28 /* PathKit 0.8.0 */ = {
			isa = PBXGroup;
			children = (
				OBJ_29 /* PathKit.swift */,
			);
			name = "PathKit 0.8.0";
			path = ".build/checkouts/PathKit--9185519632264250829/Sources";
			sourceTree = SOURCE_ROOT;
		};
		OBJ_30 /* Spectre 0.7.2 */ = {
			isa = PBXGroup;
			children = (
				OBJ_31 /* Case.swift */,
				OBJ_32 /* Context.swift */,
				OBJ_33 /* Expectation.swift */,
				OBJ_34 /* Failure.swift */,
				OBJ_35 /* Global.swift */,
				OBJ_36 /* GlobalContext.swift */,
				OBJ_37 /* Reporter.swift */,
				OBJ_38 /* Reporters.swift */,
			);
			name = "Spectre 0.7.2";
			path = ".build/checkouts/Spectre.git--7655155069707042687/Sources";
			sourceTree = SOURCE_ROOT;
		};
		OBJ_39 /* Rainbow 2.0.1 */ = {
			isa = PBXGroup;
			children = (
				OBJ_40 /* BackgroundColor.swift */,
				OBJ_41 /* CodesParser.swift */,
				OBJ_42 /* Color.swift */,
				OBJ_43 /* ControlCode.swift */,
				OBJ_44 /* ModesExtractor.swift */,
				OBJ_45 /* OutputTarget.swift */,
				OBJ_46 /* Rainbow.swift */,
				OBJ_47 /* String+Rainbow.swift */,
				OBJ_48 /* StringGenerator.swift */,
				OBJ_49 /* Style.swift */,
				OBJ_50 /* XcodeColorsSupport.swift */,
			);
			name = "Rainbow 2.0.1";
			path = ".build/checkouts/Rainbow-4833422609927903952/Sources";
			sourceTree = SOURCE_ROOT;
		};
		OBJ_5 /*  */ = {
			isa = PBXGroup;
			children = (
				OBJ_6 /* Package.swift */,
				OBJ_7 /* Sources */,
				OBJ_14 /* Tests */,
				OBJ_18 /* Dependencies */,
				OBJ_56 /* Products */,
			);
			name = "";
			sourceTree = "<group>";
		};
		OBJ_51 /* CommandLine 3.0.0-pre1 */ = {
			isa = PBXGroup;
			children = (
				OBJ_52 /* CommandLineKit */,
			);
			name = "CommandLine 3.0.0-pre1";
			sourceTree = SOURCE_ROOT;
		};
		OBJ_52 /* CommandLineKit */ = {
			isa = PBXGroup;
			children = (
				OBJ_53 /* CommandLine.swift */,
				OBJ_54 /* Option.swift */,
				OBJ_55 /* StringExtensions.swift */,
			);
			name = CommandLineKit;
			path = ".build/checkouts/CommandLine-2650396103741080200/CommandLineKit";
			sourceTree = SOURCE_ROOT;
		};
		OBJ_56 /* Products */ = {
			isa = PBXGroup;
			children = (
				OBJ_57 /* CommandLineKit.framework */,
				OBJ_58 /* Rainbow.framework */,
				OBJ_59 /* Spectre.framework */,
				OBJ_60 /* PathKit.framework */,
				OBJ_61 /* Spectre.framework */,
				OBJ_62 /* TerminalCommand */,
				OBJ_63 /* TerminalCommandKit.framework */,
				OBJ_64 /* TerminalCommandKitTests.xctest */,
			);
			name = Products;
			sourceTree = BUILT_PRODUCTS_DIR;
		};
		OBJ_7 /* Sources */ = {
			isa = PBXGroup;
			children = (
				OBJ_8 /* TerminalCommand */,
				OBJ_10 /* TerminalCommandKit */,
			);
			name = Sources;
			sourceTree = SOURCE_ROOT;
		};
		OBJ_8 /* TerminalCommand */ = {
			isa = PBXGroup;
			children = (
				OBJ_9 /* main.swift */,
			);
			name = TerminalCommand;
			path = Sources/TerminalCommand;
			sourceTree = SOURCE_ROOT;
		};
/* End PBXGroup section */

/* Begin PBXNativeTarget section */
		OBJ_105 /* PathKit */ = {
			isa = PBXNativeTarget;
			buildConfigurationList = OBJ_106 /* Build configuration list for PBXNativeTarget "PathKit" */;
			buildPhases = (
				OBJ_109 /* Sources */,
				OBJ_111 /* Frameworks */,
			);
			buildRules = (
			);
			dependencies = (
				OBJ_113 /* PBXTargetDependency */,
			);
			name = PathKit;
			productName = PathKit;
			productReference = OBJ_60 /* PathKit.framework */;
			productType = "com.apple.product-type.framework";
		};
		OBJ_114 /* Spectre */ = {
			isa = PBXNativeTarget;
			buildConfigurationList = OBJ_115 /* Build configuration list for PBXNativeTarget "Spectre" */;
			buildPhases = (
				OBJ_118 /* Sources */,
				OBJ_127 /* Frameworks */,
			);
			buildRules = (
			);
			dependencies = (
			);
			name = Spectre;
			productName = Spectre;
			productReference = OBJ_61 /* Spectre.framework */;
			productType = "com.apple.product-type.framework";
		};
		OBJ_128 /* TerminalCommand */ = {
			isa = PBXNativeTarget;
			buildConfigurationList = OBJ_129 /* Build configuration list for PBXNativeTarget "TerminalCommand" */;
			buildPhases = (
				OBJ_132 /* Sources */,
				OBJ_134 /* Frameworks */,
			);
			buildRules = (
			);
			dependencies = (
				OBJ_141 /* PBXTargetDependency */,
				OBJ_142 /* PBXTargetDependency */,
				OBJ_143 /* PBXTargetDependency */,
				OBJ_144 /* PBXTargetDependency */,
				OBJ_145 /* PBXTargetDependency */,
				OBJ_146 /* PBXTargetDependency */,
			);
			name = TerminalCommand;
			productName = TerminalCommand;
			productReference = OBJ_62 /* TerminalCommand */;
			productType = "com.apple.product-type.tool";
		};
		OBJ_147 /* TerminalCommandKit */ = {
			isa = PBXNativeTarget;
			buildConfigurationList = OBJ_148 /* Build configuration list for PBXNativeTarget "TerminalCommandKit" */;
			buildPhases = (
				OBJ_151 /* Sources */,
				OBJ_155 /* Frameworks */,
			);
			buildRules = (
			);
			dependencies = (
				OBJ_161 /* PBXTargetDependency */,
				OBJ_162 /* PBXTargetDependency */,
				OBJ_163 /* PBXTargetDependency */,
				OBJ_164 /* PBXTargetDependency */,
				OBJ_165 /* PBXTargetDependency */,
			);
			name = TerminalCommandKit;
			productName = TerminalCommandKit;
			productReference = OBJ_63 /* TerminalCommandKit.framework */;
			productType = "com.apple.product-type.framework";
		};
		OBJ_166 /* TerminalCommandKitTests */ = {
			isa = PBXNativeTarget;
			buildConfigurationList = OBJ_167 /* Build configuration list for PBXNativeTarget "TerminalCommandKitTests" */;
			buildPhases = (
				OBJ_170 /* Sources */,
				OBJ_173 /* Frameworks */,
			);
			buildRules = (
			);
			dependencies = (
				OBJ_180 /* PBXTargetDependency */,
				OBJ_181 /* PBXTargetDependency */,
				OBJ_182 /* PBXTargetDependency */,
				OBJ_183 /* PBXTargetDependency */,
				OBJ_184 /* PBXTargetDependency */,
				OBJ_185 /* PBXTargetDependency */,
			);
			name = TerminalCommandKitTests;
			productName = TerminalCommandKitTests;
			productReference = OBJ_64 /* TerminalCommandKitTests.xctest */;
			productType = "com.apple.product-type.bundle.unit-test";
		};
		OBJ_65 /* CommandLineKit */ = {
			isa = PBXNativeTarget;
			buildConfigurationList = OBJ_66 /* Build configuration list for PBXNativeTarget "CommandLineKit" */;
			buildPhases = (
				OBJ_69 /* Sources */,
				OBJ_73 /* Frameworks */,
			);
			buildRules = (
			);
			dependencies = (
			);
			name = CommandLineKit;
			productName = CommandLineKit;
			productReference = OBJ_57 /* CommandLineKit.framework */;
			productType = "com.apple.product-type.framework";
		};
		OBJ_74 /* Rainbow */ = {
			isa = PBXNativeTarget;
			buildConfigurationList = OBJ_75 /* Build configuration list for PBXNativeTarget "Rainbow" */;
			buildPhases = (
				OBJ_78 /* Sources */,
				OBJ_90 /* Frameworks */,
			);
			buildRules = (
			);
			dependencies = (
			);
			name = Rainbow;
			productName = Rainbow;
			productReference = OBJ_58 /* Rainbow.framework */;
			productType = "com.apple.product-type.framework";
		};
		OBJ_91 /* Spectre */ = {
			isa = PBXNativeTarget;
			buildConfigurationList = OBJ_92 /* Build configuration list for PBXNativeTarget "Spectre" */;
			buildPhases = (
				OBJ_95 /* Sources */,
				OBJ_104 /* Frameworks */,
			);
			buildRules = (
			);
			dependencies = (
			);
			name = Spectre;
			productName = Spectre;
			productReference = OBJ_59 /* Spectre.framework */;
			productType = "com.apple.product-type.framework";
		};
/* End PBXNativeTarget section */

/* Begin PBXProject section */
		OBJ_1 /* Project object */ = {
			isa = PBXProject;
			attributes = {
				LastUpgradeCheck = 9999;
			};
			buildConfigurationList = OBJ_2 /* Build configuration list for PBXProject "TerminalCommand" */;
			compatibilityVersion = "Xcode 3.2";
			developmentRegion = English;
			hasScannedForEncodings = 0;
			knownRegions = (
				en,
			);
			mainGroup = OBJ_5 /*  */;
			productRefGroup = OBJ_56 /* Products */;
			projectDirPath = "";
			projectRoot = "";
			targets = (
				OBJ_65 /* CommandLineKit */,
				OBJ_74 /* Rainbow */,
				OBJ_91 /* Spectre */,
				OBJ_105 /* PathKit */,
				OBJ_114 /* Spectre */,
				OBJ_128 /* TerminalCommand */,
				OBJ_147 /* TerminalCommandKit */,
				OBJ_166 /* TerminalCommandKitTests */,
			);
		};
/* End PBXProject section */

/* Begin PBXSourcesBuildPhase section */
		OBJ_109 /* Sources */ = {
			isa = PBXSourcesBuildPhase;
			buildActionMask = 0;
			files = (
				OBJ_110 /* PathKit.swift in Sources */,
			);
			runOnlyForDeploymentPostprocessing = 0;
		};
		OBJ_118 /* Sources */ = {
			isa = PBXSourcesBuildPhase;
			buildActionMask = 0;
			files = (
				OBJ_119 /* Case.swift in Sources */,
				OBJ_120 /* Context.swift in Sources */,
				OBJ_121 /* Expectation.swift in Sources */,
				OBJ_122 /* Failure.swift in Sources */,
				OBJ_123 /* Global.swift in Sources */,
				OBJ_124 /* GlobalContext.swift in Sources */,
				OBJ_125 /* Reporter.swift in Sources */,
				OBJ_126 /* Reporters.swift in Sources */,
			);
			runOnlyForDeploymentPostprocessing = 0;
		};
		OBJ_132 /* Sources */ = {
			isa = PBXSourcesBuildPhase;
			buildActionMask = 0;
			files = (
				OBJ_133 /* main.swift in Sources */,
			);
			runOnlyForDeploymentPostprocessing = 0;
		};
		OBJ_151 /* Sources */ = {
			isa = PBXSourcesBuildPhase;
			buildActionMask = 0;
			files = (
				OBJ_152 /* Extensions.swift in Sources */,
				OBJ_153 /* StringSearchRule.swift in Sources */,
				OBJ_154 /* TerminalCommandKit.swift in Sources */,
			);
			runOnlyForDeploymentPostprocessing = 0;
		};
		OBJ_170 /* Sources */ = {
			isa = PBXSourcesBuildPhase;
			buildActionMask = 0;
			files = (
				OBJ_171 /* TerminalComandKitTests.swift in Sources */,
				OBJ_172 /* TerminalCommandSpec.swift in Sources */,
			);
			runOnlyForDeploymentPostprocessing = 0;
		};
		OBJ_69 /* Sources */ = {
			isa = PBXSourcesBuildPhase;
			buildActionMask = 0;
			files = (
				OBJ_70 /* CommandLine.swift in Sources */,
				OBJ_71 /* Option.swift in Sources */,
				OBJ_72 /* StringExtensions.swift in Sources */,
			);
			runOnlyForDeploymentPostprocessing = 0;
		};
		OBJ_78 /* Sources */ = {
			isa = PBXSourcesBuildPhase;
			buildActionMask = 0;
			files = (
				OBJ_79 /* BackgroundColor.swift in Sources */,
				OBJ_80 /* CodesParser.swift in Sources */,
				OBJ_81 /* Color.swift in Sources */,
				OBJ_82 /* ControlCode.swift in Sources */,
				OBJ_83 /* ModesExtractor.swift in Sources */,
				OBJ_84 /* OutputTarget.swift in Sources */,
				OBJ_85 /* Rainbow.swift in Sources */,
				OBJ_86 /* String+Rainbow.swift in Sources */,
				OBJ_87 /* StringGenerator.swift in Sources */,
				OBJ_88 /* Style.swift in Sources */,
				OBJ_89 /* XcodeColorsSupport.swift in Sources */,
			);
			runOnlyForDeploymentPostprocessing = 0;
		};
		OBJ_95 /* Sources */ = {
			isa = PBXSourcesBuildPhase;
			buildActionMask = 0;
			files = (
				OBJ_96 /* Case.swift in Sources */,
				OBJ_97 /* Context.swift in Sources */,
				OBJ_98 /* Expectation.swift in Sources */,
				OBJ_99 /* Failure.swift in Sources */,
				OBJ_100 /* Global.swift in Sources */,
				OBJ_101 /* GlobalContext.swift in Sources */,
				OBJ_102 /* Reporter.swift in Sources */,
				OBJ_103 /* Reporters.swift in Sources */,
			);
			runOnlyForDeploymentPostprocessing = 0;
		};
/* End PBXSourcesBuildPhase section */

/* Begin PBXTargetDependency section */
		OBJ_113 /* PBXTargetDependency */ = {
			isa = PBXTargetDependency;
			target = OBJ_91 /* Spectre */;
			targetProxy = C81DBFE21ECEF5F800FFDA29 /* PBXContainerItemProxy */;
		};
		OBJ_141 /* PBXTargetDependency */ = {
			isa = PBXTargetDependency;
			target = OBJ_65 /* CommandLineKit */;
			targetProxy = C81DBFE31ECEF5F800FFDA29 /* PBXContainerItemProxy */;
		};
		OBJ_142 /* PBXTargetDependency */ = {
			isa = PBXTargetDependency;
			target = OBJ_74 /* Rainbow */;
			targetProxy = C81DBFE41ECEF5F800FFDA29 /* PBXContainerItemProxy */;
		};
		OBJ_143 /* PBXTargetDependency */ = {
			isa = PBXTargetDependency;
			target = OBJ_91 /* Spectre */;
			targetProxy = C81DBFE51ECEF5F800FFDA29 /* PBXContainerItemProxy */;
		};
		OBJ_144 /* PBXTargetDependency */ = {
			isa = PBXTargetDependency;
			target = OBJ_105 /* PathKit */;
			targetProxy = C81DBFE61ECEF5F800FFDA29 /* PBXContainerItemProxy */;
		};
		OBJ_145 /* PBXTargetDependency */ = {
			isa = PBXTargetDependency;
			target = OBJ_114 /* Spectre */;
			targetProxy = C81DBFE71ECEF5F800FFDA29 /* PBXContainerItemProxy */;
		};
		OBJ_146 /* PBXTargetDependency */ = {
			isa = PBXTargetDependency;
			target = OBJ_147 /* TerminalCommandKit */;
			targetProxy = C81DBFE81ECEF5F800FFDA29 /* PBXContainerItemProxy */;
		};
		OBJ_161 /* PBXTargetDependency */ = {
			isa = PBXTargetDependency;
			target = OBJ_65 /* CommandLineKit */;
			targetProxy = C81DBFE91ECEF5F800FFDA29 /* PBXContainerItemProxy */;
		};
		OBJ_162 /* PBXTargetDependency */ = {
			isa = PBXTargetDependency;
			target = OBJ_74 /* Rainbow */;
			targetProxy = C81DBFEA1ECEF5F800FFDA29 /* PBXContainerItemProxy */;
		};
		OBJ_163 /* PBXTargetDependency */ = {
			isa = PBXTargetDependency;
			target = OBJ_91 /* Spectre */;
			targetProxy = C81DBFEB1ECEF5F800FFDA29 /* PBXContainerItemProxy */;
		};
		OBJ_164 /* PBXTargetDependency */ = {
			isa = PBXTargetDependency;
			target = OBJ_105 /* PathKit */;
			targetProxy = C81DBFEC1ECEF5F800FFDA29 /* PBXContainerItemProxy */;
		};
		OBJ_165 /* PBXTargetDependency */ = {
			isa = PBXTargetDependency;
			target = OBJ_114 /* Spectre */;
			targetProxy = C81DBFED1ECEF5F800FFDA29 /* PBXContainerItemProxy */;
		};
		OBJ_180 /* PBXTargetDependency */ = {
			isa = PBXTargetDependency;
			target = OBJ_65 /* CommandLineKit */;
			targetProxy = C81DBFEE1ECEF5F800FFDA29 /* PBXContainerItemProxy */;
		};
		OBJ_181 /* PBXTargetDependency */ = {
			isa = PBXTargetDependency;
			target = OBJ_74 /* Rainbow */;
			targetProxy = C81DBFEF1ECEF5F800FFDA29 /* PBXContainerItemProxy */;
		};
		OBJ_182 /* PBXTargetDependency */ = {
			isa = PBXTargetDependency;
			target = OBJ_91 /* Spectre */;
			targetProxy = C81DBFF01ECEF5F800FFDA29 /* PBXContainerItemProxy */;
		};
		OBJ_183 /* PBXTargetDependency */ = {
			isa = PBXTargetDependency;
			target = OBJ_105 /* PathKit */;
			targetProxy = C81DBFF11ECEF5F800FFDA29 /* PBXContainerItemProxy */;
		};
		OBJ_184 /* PBXTargetDependency */ = {
			isa = PBXTargetDependency;
			target = OBJ_114 /* Spectre */;
			targetProxy = C81DBFF21ECEF5F800FFDA29 /* PBXContainerItemProxy */;
		};
		OBJ_185 /* PBXTargetDependency */ = {
			isa = PBXTargetDependency;
			target = OBJ_147 /* TerminalCommandKit */;
			targetProxy = C81DBFF31ECEF5F800FFDA29 /* PBXContainerItemProxy */;
		};
/* End PBXTargetDependency section */

/* Begin XCBuildConfiguration section */
		OBJ_107 /* Debug */ = {
			isa = XCBuildConfiguration;
			buildSettings = {
				ENABLE_TESTABILITY = YES;
				FRAMEWORK_SEARCH_PATHS = (
					"$(inherited)",
					"$(PLATFORM_DIR)/Developer/Library/Frameworks",
				);
				HEADER_SEARCH_PATHS = "$(inherited)";
				INFOPLIST_FILE = TerminalCommand.xcodeproj/PathKit_Info.plist;
				LD_RUNPATH_SEARCH_PATHS = "$(TOOLCHAIN_DIR)/usr/lib/swift/macosx";
				OTHER_LDFLAGS = "$(inherited)";
				OTHER_SWIFT_FLAGS = "$(inherited)";
				PRODUCT_BUNDLE_IDENTIFIER = PathKit;
				PRODUCT_MODULE_NAME = "$(TARGET_NAME:c99extidentifier)";
				PRODUCT_NAME = "$(TARGET_NAME:c99extidentifier)";
				SKIP_INSTALL = YES;
				TARGET_NAME = PathKit;
			};
			name = Debug;
		};
		OBJ_108 /* Release */ = {
			isa = XCBuildConfiguration;
			buildSettings = {
				ENABLE_TESTABILITY = YES;
				FRAMEWORK_SEARCH_PATHS = (
					"$(inherited)",
					"$(PLATFORM_DIR)/Developer/Library/Frameworks",
				);
				HEADER_SEARCH_PATHS = "$(inherited)";
				INFOPLIST_FILE = TerminalCommand.xcodeproj/PathKit_Info.plist;
				LD_RUNPATH_SEARCH_PATHS = "$(TOOLCHAIN_DIR)/usr/lib/swift/macosx";
				OTHER_LDFLAGS = "$(inherited)";
				OTHER_SWIFT_FLAGS = "$(inherited)";
				PRODUCT_BUNDLE_IDENTIFIER = PathKit;
				PRODUCT_MODULE_NAME = "$(TARGET_NAME:c99extidentifier)";
				PRODUCT_NAME = "$(TARGET_NAME:c99extidentifier)";
				SKIP_INSTALL = YES;
				TARGET_NAME = PathKit;
			};
			name = Release;
		};
		OBJ_116 /* Debug */ = {
			isa = XCBuildConfiguration;
			buildSettings = {
				ENABLE_TESTABILITY = YES;
				FRAMEWORK_SEARCH_PATHS = (
					"$(inherited)",
					"$(PLATFORM_DIR)/Developer/Library/Frameworks",
				);
				HEADER_SEARCH_PATHS = "$(inherited)";
				INFOPLIST_FILE = TerminalCommand.xcodeproj/Spectre_Info.plist;
				LD_RUNPATH_SEARCH_PATHS = "$(TOOLCHAIN_DIR)/usr/lib/swift/macosx";
				OTHER_LDFLAGS = "$(inherited)";
				OTHER_SWIFT_FLAGS = "$(inherited)";
				PRODUCT_BUNDLE_IDENTIFIER = Spectre;
				PRODUCT_MODULE_NAME = "$(TARGET_NAME:c99extidentifier)";
				PRODUCT_NAME = "$(TARGET_NAME:c99extidentifier)";
				SKIP_INSTALL = YES;
				TARGET_NAME = Spectre;
			};
			name = Debug;
		};
		OBJ_117 /* Release */ = {
			isa = XCBuildConfiguration;
			buildSettings = {
				ENABLE_TESTABILITY = YES;
				FRAMEWORK_SEARCH_PATHS = (
					"$(inherited)",
					"$(PLATFORM_DIR)/Developer/Library/Frameworks",
				);
				HEADER_SEARCH_PATHS = "$(inherited)";
				INFOPLIST_FILE = TerminalCommand.xcodeproj/Spectre_Info.plist;
				LD_RUNPATH_SEARCH_PATHS = "$(TOOLCHAIN_DIR)/usr/lib/swift/macosx";
				OTHER_LDFLAGS = "$(inherited)";
				OTHER_SWIFT_FLAGS = "$(inherited)";
				PRODUCT_BUNDLE_IDENTIFIER = Spectre;
				PRODUCT_MODULE_NAME = "$(TARGET_NAME:c99extidentifier)";
				PRODUCT_NAME = "$(TARGET_NAME:c99extidentifier)";
				SKIP_INSTALL = YES;
				TARGET_NAME = Spectre;
			};
			name = Release;
		};
		OBJ_130 /* Debug */ = {
			isa = XCBuildConfiguration;
			buildSettings = {
				FRAMEWORK_SEARCH_PATHS = (
					"$(inherited)",
					"$(PLATFORM_DIR)/Developer/Library/Frameworks",
				);
				HEADER_SEARCH_PATHS = "$(inherited)";
				INFOPLIST_FILE = TerminalCommand.xcodeproj/TerminalCommand_Info.plist;
				LD_RUNPATH_SEARCH_PATHS = "$(TOOLCHAIN_DIR)/usr/lib/swift/macosx @executable_path";
				OTHER_LDFLAGS = "$(inherited)";
				OTHER_SWIFT_FLAGS = "$(inherited)";
				SWIFT_FORCE_DYNAMIC_LINK_STDLIB = YES;
				SWIFT_FORCE_STATIC_LINK_STDLIB = NO;
				TARGET_NAME = TerminalCommand;
			};
			name = Debug;
		};
		OBJ_131 /* Release */ = {
			isa = XCBuildConfiguration;
			buildSettings = {
				FRAMEWORK_SEARCH_PATHS = (
					"$(inherited)",
					"$(PLATFORM_DIR)/Developer/Library/Frameworks",
				);
				HEADER_SEARCH_PATHS = "$(inherited)";
				INFOPLIST_FILE = TerminalCommand.xcodeproj/TerminalCommand_Info.plist;
				LD_RUNPATH_SEARCH_PATHS = "$(TOOLCHAIN_DIR)/usr/lib/swift/macosx @executable_path";
				OTHER_LDFLAGS = "$(inherited)";
				OTHER_SWIFT_FLAGS = "$(inherited)";
				SWIFT_FORCE_DYNAMIC_LINK_STDLIB = YES;
				SWIFT_FORCE_STATIC_LINK_STDLIB = NO;
				TARGET_NAME = TerminalCommand;
			};
			name = Release;
		};
		OBJ_149 /* Debug */ = {
			isa = XCBuildConfiguration;
			buildSettings = {
				ENABLE_TESTABILITY = YES;
				FRAMEWORK_SEARCH_PATHS = (
					"$(inherited)",
					"$(PLATFORM_DIR)/Developer/Library/Frameworks",
				);
				HEADER_SEARCH_PATHS = "$(inherited)";
				INFOPLIST_FILE = TerminalCommand.xcodeproj/TerminalCommandKit_Info.plist;
				LD_RUNPATH_SEARCH_PATHS = "$(TOOLCHAIN_DIR)/usr/lib/swift/macosx";
				OTHER_LDFLAGS = "$(inherited)";
				OTHER_SWIFT_FLAGS = "$(inherited)";
				PRODUCT_BUNDLE_IDENTIFIER = TerminalCommandKit;
				PRODUCT_MODULE_NAME = "$(TARGET_NAME:c99extidentifier)";
				PRODUCT_NAME = "$(TARGET_NAME:c99extidentifier)";
				SKIP_INSTALL = YES;
				TARGET_NAME = TerminalCommandKit;
			};
			name = Debug;
		};
		OBJ_150 /* Release */ = {
			isa = XCBuildConfiguration;
			buildSettings = {
				ENABLE_TESTABILITY = YES;
				FRAMEWORK_SEARCH_PATHS = (
					"$(inherited)",
					"$(PLATFORM_DIR)/Developer/Library/Frameworks",
				);
				HEADER_SEARCH_PATHS = "$(inherited)";
				INFOPLIST_FILE = TerminalCommand.xcodeproj/TerminalCommandKit_Info.plist;
				LD_RUNPATH_SEARCH_PATHS = "$(TOOLCHAIN_DIR)/usr/lib/swift/macosx";
				OTHER_LDFLAGS = "$(inherited)";
				OTHER_SWIFT_FLAGS = "$(inherited)";
				PRODUCT_BUNDLE_IDENTIFIER = TerminalCommandKit;
				PRODUCT_MODULE_NAME = "$(TARGET_NAME:c99extidentifier)";
				PRODUCT_NAME = "$(TARGET_NAME:c99extidentifier)";
				SKIP_INSTALL = YES;
				TARGET_NAME = TerminalCommandKit;
			};
			name = Release;
		};
		OBJ_168 /* Debug */ = {
			isa = XCBuildConfiguration;
			buildSettings = {
				EMBEDDED_CONTENT_CONTAINS_SWIFT = YES;
				FRAMEWORK_SEARCH_PATHS = (
					"$(inherited)",
					"$(PLATFORM_DIR)/Developer/Library/Frameworks",
				);
				HEADER_SEARCH_PATHS = "$(inherited)";
				INFOPLIST_FILE = TerminalCommand.xcodeproj/TerminalCommandKitTests_Info.plist;
				LD_RUNPATH_SEARCH_PATHS = "@loader_path/../Frameworks @loader_path/Frameworks";
				OTHER_LDFLAGS = "$(inherited)";
				OTHER_SWIFT_FLAGS = "$(inherited)";
				TARGET_NAME = TerminalCommandKitTests;
			};
			name = Debug;
		};
		OBJ_169 /* Release */ = {
			isa = XCBuildConfiguration;
			buildSettings = {
				EMBEDDED_CONTENT_CONTAINS_SWIFT = YES;
				FRAMEWORK_SEARCH_PATHS = (
					"$(inherited)",
					"$(PLATFORM_DIR)/Developer/Library/Frameworks",
				);
				HEADER_SEARCH_PATHS = "$(inherited)";
				INFOPLIST_FILE = TerminalCommand.xcodeproj/TerminalCommandKitTests_Info.plist;
				LD_RUNPATH_SEARCH_PATHS = "@loader_path/../Frameworks @loader_path/Frameworks";
				OTHER_LDFLAGS = "$(inherited)";
				OTHER_SWIFT_FLAGS = "$(inherited)";
				TARGET_NAME = TerminalCommandKitTests;
			};
			name = Release;
		};
		OBJ_3 /* Debug */ = {
			isa = XCBuildConfiguration;
			buildSettings = {
				CLANG_ENABLE_OBJC_ARC = YES;
				COMBINE_HIDPI_IMAGES = YES;
				COPY_PHASE_STRIP = NO;
				DEBUG_INFORMATION_FORMAT = dwarf;
				DYLIB_INSTALL_NAME_BASE = "@rpath";
				ENABLE_NS_ASSERTIONS = YES;
				GCC_OPTIMIZATION_LEVEL = 0;
				MACOSX_DEPLOYMENT_TARGET = 10.10;
				ONLY_ACTIVE_ARCH = YES;
				OTHER_SWIFT_FLAGS = "-DXcode";
				PRODUCT_NAME = "$(TARGET_NAME)";
				SDKROOT = macosx;
				SUPPORTED_PLATFORMS = "macosx iphoneos iphonesimulator appletvos appletvsimulator watchos watchsimulator";
				SWIFT_ACTIVE_COMPILATION_CONDITIONS = SWIFT_PACKAGE;
				SWIFT_OPTIMIZATION_LEVEL = "-Onone";
				SWIFT_VERSION = 3.0;
				USE_HEADERMAP = NO;
			};
			name = Debug;
		};
		OBJ_4 /* Release */ = {
			isa = XCBuildConfiguration;
			buildSettings = {
				CLANG_ENABLE_OBJC_ARC = YES;
				COMBINE_HIDPI_IMAGES = YES;
				COPY_PHASE_STRIP = YES;
				DEBUG_INFORMATION_FORMAT = "dwarf-with-dsym";
				DYLIB_INSTALL_NAME_BASE = "@rpath";
				GCC_OPTIMIZATION_LEVEL = s;
				MACOSX_DEPLOYMENT_TARGET = 10.10;
				OTHER_SWIFT_FLAGS = "-DXcode";
				PRODUCT_NAME = "$(TARGET_NAME)";
				SDKROOT = macosx;
				SUPPORTED_PLATFORMS = "macosx iphoneos iphonesimulator appletvos appletvsimulator watchos watchsimulator";
				SWIFT_ACTIVE_COMPILATION_CONDITIONS = SWIFT_PACKAGE;
				SWIFT_OPTIMIZATION_LEVEL = "-Owholemodule";
				SWIFT_VERSION = 3.0;
				USE_HEADERMAP = NO;
			};
			name = Release;
		};
		OBJ_67 /* Debug */ = {
			isa = XCBuildConfiguration;
			buildSettings = {
				ENABLE_TESTABILITY = YES;
				FRAMEWORK_SEARCH_PATHS = (
					"$(inherited)",
					"$(PLATFORM_DIR)/Developer/Library/Frameworks",
				);
				HEADER_SEARCH_PATHS = "$(inherited)";
				INFOPLIST_FILE = TerminalCommand.xcodeproj/CommandLineKit_Info.plist;
				LD_RUNPATH_SEARCH_PATHS = "$(TOOLCHAIN_DIR)/usr/lib/swift/macosx";
				OTHER_LDFLAGS = "$(inherited)";
				OTHER_SWIFT_FLAGS = "$(inherited)";
				PRODUCT_BUNDLE_IDENTIFIER = CommandLineKit;
				PRODUCT_MODULE_NAME = "$(TARGET_NAME:c99extidentifier)";
				PRODUCT_NAME = "$(TARGET_NAME:c99extidentifier)";
				SKIP_INSTALL = YES;
				TARGET_NAME = CommandLineKit;
			};
			name = Debug;
		};
		OBJ_68 /* Release */ = {
			isa = XCBuildConfiguration;
			buildSettings = {
				ENABLE_TESTABILITY = YES;
				FRAMEWORK_SEARCH_PATHS = (
					"$(inherited)",
					"$(PLATFORM_DIR)/Developer/Library/Frameworks",
				);
				HEADER_SEARCH_PATHS = "$(inherited)";
				INFOPLIST_FILE = TerminalCommand.xcodeproj/CommandLineKit_Info.plist;
				LD_RUNPATH_SEARCH_PATHS = "$(TOOLCHAIN_DIR)/usr/lib/swift/macosx";
				OTHER_LDFLAGS = "$(inherited)";
				OTHER_SWIFT_FLAGS = "$(inherited)";
				PRODUCT_BUNDLE_IDENTIFIER = CommandLineKit;
				PRODUCT_MODULE_NAME = "$(TARGET_NAME:c99extidentifier)";
				PRODUCT_NAME = "$(TARGET_NAME:c99extidentifier)";
				SKIP_INSTALL = YES;
				TARGET_NAME = CommandLineKit;
			};
			name = Release;
		};
		OBJ_76 /* Debug */ = {
			isa = XCBuildConfiguration;
			buildSettings = {
				ENABLE_TESTABILITY = YES;
				FRAMEWORK_SEARCH_PATHS = (
					"$(inherited)",
					"$(PLATFORM_DIR)/Developer/Library/Frameworks",
				);
				HEADER_SEARCH_PATHS = "$(inherited)";
				INFOPLIST_FILE = TerminalCommand.xcodeproj/Rainbow_Info.plist;
				LD_RUNPATH_SEARCH_PATHS = "$(TOOLCHAIN_DIR)/usr/lib/swift/macosx";
				OTHER_LDFLAGS = "$(inherited)";
				OTHER_SWIFT_FLAGS = "$(inherited)";
				PRODUCT_BUNDLE_IDENTIFIER = Rainbow;
				PRODUCT_MODULE_NAME = "$(TARGET_NAME:c99extidentifier)";
				PRODUCT_NAME = "$(TARGET_NAME:c99extidentifier)";
				SKIP_INSTALL = YES;
				TARGET_NAME = Rainbow;
			};
			name = Debug;
		};
		OBJ_77 /* Release */ = {
			isa = XCBuildConfiguration;
			buildSettings = {
				ENABLE_TESTABILITY = YES;
				FRAMEWORK_SEARCH_PATHS = (
					"$(inherited)",
					"$(PLATFORM_DIR)/Developer/Library/Frameworks",
				);
				HEADER_SEARCH_PATHS = "$(inherited)";
				INFOPLIST_FILE = TerminalCommand.xcodeproj/Rainbow_Info.plist;
				LD_RUNPATH_SEARCH_PATHS = "$(TOOLCHAIN_DIR)/usr/lib/swift/macosx";
				OTHER_LDFLAGS = "$(inherited)";
				OTHER_SWIFT_FLAGS = "$(inherited)";
				PRODUCT_BUNDLE_IDENTIFIER = Rainbow;
				PRODUCT_MODULE_NAME = "$(TARGET_NAME:c99extidentifier)";
				PRODUCT_NAME = "$(TARGET_NAME:c99extidentifier)";
				SKIP_INSTALL = YES;
				TARGET_NAME = Rainbow;
			};
			name = Release;
		};
		OBJ_93 /* Debug */ = {
			isa = XCBuildConfiguration;
			buildSettings = {
				ENABLE_TESTABILITY = YES;
				FRAMEWORK_SEARCH_PATHS = (
					"$(inherited)",
					"$(PLATFORM_DIR)/Developer/Library/Frameworks",
				);
				HEADER_SEARCH_PATHS = "$(inherited)";
				INFOPLIST_FILE = TerminalCommand.xcodeproj/Spectre_Info.plist;
				LD_RUNPATH_SEARCH_PATHS = "$(TOOLCHAIN_DIR)/usr/lib/swift/macosx";
				OTHER_LDFLAGS = "$(inherited)";
				OTHER_SWIFT_FLAGS = "$(inherited)";
				PRODUCT_BUNDLE_IDENTIFIER = Spectre;
				PRODUCT_MODULE_NAME = "$(TARGET_NAME:c99extidentifier)";
				PRODUCT_NAME = "$(TARGET_NAME:c99extidentifier)";
				SKIP_INSTALL = YES;
				TARGET_NAME = Spectre;
			};
			name = Debug;
		};
		OBJ_94 /* Release */ = {
			isa = XCBuildConfiguration;
			buildSettings = {
				ENABLE_TESTABILITY = YES;
				FRAMEWORK_SEARCH_PATHS = (
					"$(inherited)",
					"$(PLATFORM_DIR)/Developer/Library/Frameworks",
				);
				HEADER_SEARCH_PATHS = "$(inherited)";
				INFOPLIST_FILE = TerminalCommand.xcodeproj/Spectre_Info.plist;
				LD_RUNPATH_SEARCH_PATHS = "$(TOOLCHAIN_DIR)/usr/lib/swift/macosx";
				OTHER_LDFLAGS = "$(inherited)";
				OTHER_SWIFT_FLAGS = "$(inherited)";
				PRODUCT_BUNDLE_IDENTIFIER = Spectre;
				PRODUCT_MODULE_NAME = "$(TARGET_NAME:c99extidentifier)";
				PRODUCT_NAME = "$(TARGET_NAME:c99extidentifier)";
				SKIP_INSTALL = YES;
				TARGET_NAME = Spectre;
			};
			name = Release;
		};
/* End XCBuildConfiguration section */

/* Begin XCConfigurationList section */
		OBJ_106 /* Build configuration list for PBXNativeTarget "PathKit" */ = {
			isa = XCConfigurationList;
			buildConfigurations = (
				OBJ_107 /* Debug */,
				OBJ_108 /* Release */,
			);
			defaultConfigurationIsVisible = 0;
			defaultConfigurationName = Debug;
		};
		OBJ_115 /* Build configuration list for PBXNativeTarget "Spectre" */ = {
			isa = XCConfigurationList;
			buildConfigurations = (
				OBJ_116 /* Debug */,
				OBJ_117 /* Release */,
			);
			defaultConfigurationIsVisible = 0;
			defaultConfigurationName = Debug;
		};
		OBJ_129 /* Build configuration list for PBXNativeTarget "TerminalCommand" */ = {
			isa = XCConfigurationList;
			buildConfigurations = (
				OBJ_130 /* Debug */,
				OBJ_131 /* Release */,
			);
			defaultConfigurationIsVisible = 0;
			defaultConfigurationName = Debug;
		};
		OBJ_148 /* Build configuration list for PBXNativeTarget "TerminalCommandKit" */ = {
			isa = XCConfigurationList;
			buildConfigurations = (
				OBJ_149 /* Debug */,
				OBJ_150 /* Release */,
			);
			defaultConfigurationIsVisible = 0;
			defaultConfigurationName = Debug;
		};
		OBJ_167 /* Build configuration list for PBXNativeTarget "TerminalCommandKitTests" */ = {
			isa = XCConfigurationList;
			buildConfigurations = (
				OBJ_168 /* Debug */,
				OBJ_169 /* Release */,
			);
			defaultConfigurationIsVisible = 0;
			defaultConfigurationName = Debug;
		};
		OBJ_2 /* Build configuration list for PBXProject "TerminalCommand" */ = {
			isa = XCConfigurationList;
			buildConfigurations = (
				OBJ_3 /* Debug */,
				OBJ_4 /* Release */,
			);
			defaultConfigurationIsVisible = 0;
			defaultConfigurationName = Debug;
		};
		OBJ_66 /* Build configuration list for PBXNativeTarget "CommandLineKit" */ = {
			isa = XCConfigurationList;
			buildConfigurations = (
				OBJ_67 /* Debug */,
				OBJ_68 /* Release */,
			);
			defaultConfigurationIsVisible = 0;
			defaultConfigurationName = Debug;
		};
		OBJ_75 /* Build configuration list for PBXNativeTarget "Rainbow" */ = {
			isa = XCConfigurationList;
			buildConfigurations = (
				OBJ_76 /* Debug */,
				OBJ_77 /* Release */,
			);
			defaultConfigurationIsVisible = 0;
			defaultConfigurationName = Debug;
		};
		OBJ_92 /* Build configuration list for PBXNativeTarget "Spectre" */ = {
			isa = XCConfigurationList;
			buildConfigurations = (
				OBJ_93 /* Debug */,
				OBJ_94 /* Release */,
			);
			defaultConfigurationIsVisible = 0;
			defaultConfigurationName = Debug;
		};
/* End XCConfigurationList section */
	};
	rootObject = OBJ_1 /* Project object */;
}
